Microsoft Visual Studio Solution File, Format Version 12.00
# Visual Studio 16
VisualStudioVersion = 14.0.25420.1
MinimumVisualStudioVersion = 10.0.40219.1
Project("{FAE04EC0-301F-11D3-BF4B-00C04F79EFBC}") = "WpfSpreadsheet_DataBinding", "WpfSpreadsheet_DataBinding\WpfSpreadsheet_DataBinding.Net5.csproj", "{B5B27773-181D-45DC-B673-9586D6D40372}"
EndProject
Global
	GlobalSection(SolutionConfigurationPlatforms) = preSolution
		Debug|Any CPU = Debug|Any CPU
		Release|Any CPU = Release|Any CPU
	EndGlobalSection
	GlobalSection(ProjectConfigurationPlatforms) = postSolution
		{B5B27773-181D-45DC-B673-9586D6D40372}.Debug|Any CPU.ActiveCfg = Debug|Any CPU
		{B5B27773-181D-45DC-B673-9586D6D40372}.Debug|Any CPU.Build.0 = Debug|Any CPU
		{B5B27773-181D-45DC-B673-9586D6D40372}.Release|Any CPU.ActiveCfg = Release|Any CPU
		{B5B27773-181D-45DC-B673-9586D6D40372}.Release|Any CPU.Build.0 = Release|Any CPU
	EndGlobalSection
	GlobalSection(SolutionProperties) = preSolution
		HideSolutionNode = FALSE
	EndGlobalSection
EndGlobal
