Microsoft Visual Studio Solution File, Format Version 12.00
# Visual Studio 2012
VisualStudioVersion = 14.0.25420.1
MinimumVisualStudioVersion = 10.0.40219.1
Project("{F184B08F-C81C-45F6-A57F-5ABD9991F28F}") = "WpfSpreadsheet_DataBinding", "WpfSpreadsheet_DataBinding\WpfSpreadsheet_DataBinding.vbproj", "{B5B27773-181D-45DC-B673-9586D6D40372}"
EndProject
Global
	GlobalSection(SolutionConfigurationPlatforms) = preSolution
		Debug|Any CPU = Debug|Any CPU
		Release|Any CPU = Release|Any CPU
	EndGlobalSection
	GlobalSection(ProjectConfigurationPlatforms) = postSolution
		{B5B27773-181D-45DC-B673-9586D6D40372}.Debug|Any CPU.ActiveCfg = Debug|Any CPU
		{B5B27773-181D-45DC-B673-9586D6D40372}.Debug|Any CPU.Build.0 = Debug|Any CPU
		{B5B27773-181D-45DC-B673-9586D6D40372}.Release|Any CPU.ActiveCfg = Release|Any CPU
		{B5B27773-181D-45DC-B673-9586D6D40372}.Release|Any CPU.Build.0 = Release|Any CPU
	EndGlobalSection
	GlobalSection(SolutionProperties) = preSolution
		HideSolutionNode = FALSE
	EndGlobalSection
EndGlobal
